# This file is automatically @generated by Poetry 1.6.1 and should not be changed by hand.

[[package]]
name = "asgiref"
version = "3.4.1"
description = "ASGI specs, helper code, and adapters"
optional = false
python-versions = ">=3.6"
files = [
    {file = "asgiref-3.4.1-py3-none-any.whl", hash = "sha256:ffc141aa908e6f175673e7b1b3b7af4fdb0ecb738fc5c8b88f69f055c2415214"},
    {file = "asgiref-3.4.1.tar.gz", hash = "sha256:4ef1ab46b484e3c706329cedeff284a5d40824200638503f5768edb6de7d58e9"},
]

[package.dependencies]
typing-extensions = {version = "*", markers = "python_version < \"3.8\""}

[package.extras]
tests = ["mypy (>=0.800)", "pytest", "pytest-asyncio"]

[[package]]
name = "atomicwrites"
version = "1.4.0"
description = "Atomic file writes."
optional = false
python-versions = ">=2.7, !=3.0.*, !=3.1.*, !=3.2.*, !=3.3.*"
files = [
    {file = "atomicwrites-1.4.0-py2.py3-none-any.whl", hash = "sha256:6d1784dea7c0c8d4a5172b6c620f40b6e4cbfdf96d783691f2e1302a7b88e197"},
    {file = "atomicwrites-1.4.0.tar.gz", hash = "sha256:ae70396ad1a434f9c7046fd2dd196fc04b12f9e91ffb859164193be8b6168a7a"},
]

[[package]]
name = "attrs"
version = "21.2.0"
description = "Classes Without Boilerplate"
optional = false
python-versions = ">=2.7, !=3.0.*, !=3.1.*, !=3.2.*, !=3.3.*, !=3.4.*"
files = [
    {file = "attrs-21.2.0-py2.py3-none-any.whl", hash = "sha256:149e90d6d8ac20db7a955ad60cf0e6881a3f20d37096140088356da6c716b0b1"},
    {file = "attrs-21.2.0.tar.gz", hash = "sha256:ef6aaac3ca6cd92904cdd0d83f629a15f18053ec84e6432106f7a4d04ae4f5fb"},
]

[package.extras]
dev = ["coverage[toml] (>=5.0.2)", "furo", "hypothesis", "mypy", "pre-commit", "pympler", "pytest (>=4.3.0)", "pytest-mypy-plugins", "six", "sphinx", "sphinx-notfound-page", "zope.interface"]
docs = ["furo", "sphinx", "sphinx-notfound-page", "zope.interface"]
tests = ["coverage[toml] (>=5.0.2)", "hypothesis", "mypy", "pympler", "pytest (>=4.3.0)", "pytest-mypy-plugins", "six", "zope.interface"]
tests-no-zope = ["coverage[toml] (>=5.0.2)", "hypothesis", "mypy", "pympler", "pytest (>=4.3.0)", "pytest-mypy-plugins", "six"]

[[package]]
name = "autopep8"
version = "1.6.0"
description = "A tool that automatically formats Python code to conform to the PEP 8 style guide"
optional = false
python-versions = "*"
files = [
    {file = "autopep8-1.6.0-py2.py3-none-any.whl", hash = "sha256:ed77137193bbac52d029a52c59bec1b0629b5a186c495f1eb21b126ac466083f"},
    {file = "autopep8-1.6.0.tar.gz", hash = "sha256:44f0932855039d2c15c4510d6df665e4730f2b8582704fa48f9c55bd3e17d979"},
]

[package.dependencies]
pycodestyle = ">=2.8.0"
toml = "*"

[[package]]
name = "colorama"
version = "0.4.4"
description = "Cross-platform colored terminal text."
optional = false
python-versions = ">=2.7, !=3.0.*, !=3.1.*, !=3.2.*, !=3.3.*, !=3.4.*"
files = [
    {file = "colorama-0.4.4-py2.py3-none-any.whl", hash = "sha256:9f47eda37229f68eee03b24b9748937c7dc3868f906e8ba69fbcbdd3bc5dc3e2"},
    {file = "colorama-0.4.4.tar.gz", hash = "sha256:5941b2b48a20143d2267e95b1c2a7603ce057ee39fd88e7329b0c292aa16869b"},
]

[[package]]
name = "django"
version = "3.2.8"
description = "A high-level Python Web framework that encourages rapid development and clean, pragmatic design."
optional = false
python-versions = ">=3.6"
files = [
    {file = "Django-3.2.8-py3-none-any.whl", hash = "sha256:42573831292029639b798fe4d3812996bfe4ff3275f04566da90764daec011a5"},
    {file = "Django-3.2.8.tar.gz", hash = "sha256:f6d2c4069c9b9bfac03bedff927ea1f9e0d29e34525cec8a68fd28eb2a8df7af"},
]

[package.dependencies]
asgiref = ">=3.3.2,<4"
pytz = "*"
sqlparse = ">=0.2.2"

[package.extras]
argon2 = ["argon2-cffi (>=19.1.0)"]
bcrypt = ["bcrypt"]

[[package]]
name = "django-debug-toolbar"
version = "3.2.2"
description = "A configurable set of panels that display various debug information about the current request/response."
optional = false
python-versions = ">=3.6"
files = [
    {file = "django-debug-toolbar-3.2.2.tar.gz", hash = "sha256:8c5b13795d4040008ee69ba82dcdd259c49db346cf7d0de6e561a49d191f0860"},
    {file = "django_debug_toolbar-3.2.2-py3-none-any.whl", hash = "sha256:d7bab7573fab35b0fd029163371b7182f5826c13da69734beb675c761d06a4d3"},
]

[package.dependencies]
Django = ">=2.2"
sqlparse = ">=0.2.0"

[[package]]
name = "django-extensions"
version = "3.1.3"
description = "Extensions for Django"
optional = false
python-versions = ">=3.6"
files = [
    {file = "django-extensions-3.1.3.tar.gz", hash = "sha256:5f0fea7bf131ca303090352577a9e7f8bfbf5489bd9d9c8aea9401db28db34a0"},
    {file = "django_extensions-3.1.3-py3-none-any.whl", hash = "sha256:50de8977794a66a91575dd40f87d5053608f679561731845edbd325ceeb387e3"},
]

[package.dependencies]
Django = ">=2.2"

[[package]]
name = "django-rest-framework"
version = "0.1.0"
description = "alias."
optional = false
python-versions = "*"
files = [
    {file = "django-rest-framework-0.1.0.tar.gz", hash = "sha256:47a8f496fa69e3b6bd79f68dd7a1527d907d6b77f009e9db7cf9bb21cc565e4a"},
]

[package.dependencies]
djangorestframework = "*"

[[package]]
name = "djangorestframework"
version = "3.12.4"
description = "Web APIs for Django, made easy."
optional = false
python-versions = ">=3.5"
files = [
    {file = "djangorestframework-3.12.4-py3-none-any.whl", hash = "sha256:6d1d59f623a5ad0509fe0d6bfe93cbdfe17b8116ebc8eda86d45f6e16e819aaf"},
    {file = "djangorestframework-3.12.4.tar.gz", hash = "sha256:f747949a8ddac876e879190df194b925c177cdeb725a099db1460872f7c0a7f2"},
]

[package.dependencies]
django = ">=2.2"

[[package]]
name = "factory-boy"
version = "3.2.0"
description = "A versatile test fixtures replacement based on thoughtbot's factory_bot for Ruby."
optional = false
python-versions = ">=3.6"
files = [
    {file = "factory_boy-3.2.0-py2.py3-none-any.whl", hash = "sha256:1d3db4b44b8c8c54cdd8b83ae4bdb9aeb121e464400035f1f03ae0e1eade56a4"},
    {file = "factory_boy-3.2.0.tar.gz", hash = "sha256:401cc00ff339a022f84d64a4339503d1689e8263a4478d876e58a3295b155c5b"},
]

[package.dependencies]
Faker = ">=0.7.0"

[package.extras]
dev = ["Django", "Pillow", "SQLAlchemy", "coverage", "flake8", "isort", "mongoengine", "tox", "wheel (>=0.32.0)", "zest.releaser[recommended]"]
doc = ["Sphinx", "sphinx-rtd-theme", "sphinxcontrib-spelling"]

[[package]]
name = "faker"
version = "9.3.1"
description = "Faker is a Python package that generates fake data for you."
optional = false
python-versions = ">=3.6"
files = [
    {file = "Faker-9.3.1-py3-none-any.whl", hash = "sha256:429a91d73dbac02609d6b616ef15bd4c3f22ed6532dcfceb46f3b8c28c78257a"},
    {file = "Faker-9.3.1.tar.gz", hash = "sha256:cdd9e9af2fba5c96ee2ec4ac8419bba458e26b58a2b98c1f6467ee66096bee52"},
]

[package.dependencies]
python-dateutil = ">=2.4"
text-unidecode = "1.3"

[[package]]
name = "flake8"
version = "4.0.1"
description = "the modular source code checker: pep8 pyflakes and co"
optional = false
python-versions = ">=3.6"
files = [
    {file = "flake8-4.0.1-py2.py3-none-any.whl", hash = "sha256:479b1304f72536a55948cb40a32dce8bb0ffe3501e26eaf292c7e60eb5e0428d"},
    {file = "flake8-4.0.1.tar.gz", hash = "sha256:806e034dda44114815e23c16ef92f95c91e4c71100ff52813adf7132a6ad870d"},
]

[package.dependencies]
importlib-metadata = {version = "<4.3", markers = "python_version < \"3.8\""}
mccabe = ">=0.6.0,<0.7.0"
pycodestyle = ">=2.8.0,<2.9.0"
pyflakes = ">=2.4.0,<2.5.0"

[[package]]
name = "gitdb"
version = "4.0.10"
description = "Git Object Database"
optional = false
python-versions = ">=3.7"
files = [
    {file = "gitdb-4.0.10-py3-none-any.whl", hash = "sha256:c286cf298426064079ed96a9e4a9d39e7f3e9bf15ba60701e95f5492f28415c7"},
    {file = "gitdb-4.0.10.tar.gz", hash = "sha256:6eb990b69df4e15bad899ea868dc46572c3f75339735663b81de79b06f17eb9a"},
]

[package.dependencies]
smmap = ">=3.0.1,<6"

[[package]]
name = "gitpython"
version = "3.1.37"
description = "GitPython is a Python library used to interact with Git repositories"
optional = false
python-versions = ">=3.7"
files = [
    {file = "GitPython-3.1.37-py3-none-any.whl", hash = "sha256:5f4c4187de49616d710a77e98ddf17b4782060a1788df441846bddefbb89ab33"},
    {file = "GitPython-3.1.37.tar.gz", hash = "sha256:f9b9ddc0761c125d5780eab2d64be4873fc6817c2899cbcb34b02344bdc7bc54"},
]

[package.dependencies]
gitdb = ">=4.0.1,<5"
typing-extensions = {version = ">=3.7.4.3", markers = "python_version < \"3.8\""}

[package.extras]
test = ["black", "coverage[toml]", "ddt (>=1.1.1,!=1.4.3)", "mypy", "pre-commit", "pytest", "pytest-cov", "pytest-sugar"]

[[package]]
name = "gunicorn"
version = "20.1.0"
description = "WSGI HTTP Server for UNIX"
optional = false
python-versions = ">=3.5"
files = [
    {file = "gunicorn-20.1.0-py3-none-any.whl", hash = "sha256:9dcc4547dbb1cb284accfb15ab5667a0e5d1881cc443e0677b4882a4067a807e"},
    {file = "gunicorn-20.1.0.tar.gz", hash = "sha256:e0a968b5ba15f8a328fdfd7ab1fcb5af4470c28aaf7e55df02a99bc13138e6e8"},
]

[package.dependencies]
setuptools = ">=3.0"

[package.extras]
eventlet = ["eventlet (>=0.24.1)"]
gevent = ["gevent (>=1.4.0)"]
setproctitle = ["setproctitle"]
tornado = ["tornado (>=0.2)"]

[[package]]
name = "importlib-metadata"
version = "4.2.0"
description = "Read metadata from Python packages"
optional = false
python-versions = ">=3.6"
files = [
    {file = "importlib_metadata-4.2.0-py3-none-any.whl", hash = "sha256:057e92c15bc8d9e8109738a48db0ccb31b4d9d5cfbee5a8670879a30be66304b"},
    {file = "importlib_metadata-4.2.0.tar.gz", hash = "sha256:b7e52a1f8dec14a75ea73e0891f3060099ca1d8e6a462a4dff11c3e119ea1b31"},
]

[package.dependencies]
typing-extensions = {version = ">=3.6.4", markers = "python_version < \"3.8\""}
zipp = ">=0.5"

[package.extras]
docs = ["jaraco.packaging (>=8.2)", "rst.linker (>=1.9)", "sphinx"]
testing = ["flufl.flake8", "importlib-resources (>=1.3)", "packaging", "pep517", "pyfakefs", "pytest (>=4.6)", "pytest-black (>=0.3.7)", "pytest-checkdocs (>=2.4)", "pytest-cov", "pytest-enabler (>=1.0.1)", "pytest-flake8", "pytest-mypy"]

[[package]]
name = "iniconfig"
version = "1.1.1"
description = "iniconfig: brain-dead simple config-ini parsing"
optional = false
python-versions = "*"
files = [
    {file = "iniconfig-1.1.1-py2.py3-none-any.whl", hash = "sha256:011e24c64b7f47f6ebd835bb12a743f2fbe9a26d4cecaa7f53bc4f35ee9da8b3"},
    {file = "iniconfig-1.1.1.tar.gz", hash = "sha256:bc3af051d7d14b2ee5ef9969666def0cd1a000e121eaea580d4a313df4b37f32"},
]

[[package]]
name = "isort"
version = "5.10.1"
description = "A Python utility / library to sort Python imports."
optional = false
python-versions = ">=3.6.1,<4.0"
files = [
    {file = "isort-5.10.1-py3-none-any.whl", hash = "sha256:6f62d78e2f89b4500b080fe3a81690850cd254227f27f75c3a0c491a1f351ba7"},
    {file = "isort-5.10.1.tar.gz", hash = "sha256:e8443a5e7a020e9d7f97f1d7d9cd17c88bcb3bc7e218bf9cf5095fe550be2951"},
]

[package.extras]
colors = ["colorama (>=0.4.3,<0.5.0)"]
pipfile-deprecated-finder = ["pipreqs", "requirementslib"]
plugins = ["setuptools"]
requirements-deprecated-finder = ["pip-api", "pipreqs"]

[[package]]
name = "mccabe"
version = "0.6.1"
description = "McCabe checker, plugin for flake8"
optional = false
python-versions = "*"
files = [
    {file = "mccabe-0.6.1-py2.py3-none-any.whl", hash = "sha256:ab8a6258860da4b6677da4bd2fe5dc2c659cff31b3ee4f7f5d64e79735b80d42"},
    {file = "mccabe-0.6.1.tar.gz", hash = "sha256:dd8d182285a0fe56bace7f45b5e7d1a6ebcbf524e8f3bd87eb0f125271b8831f"},
]

[[package]]
name = "packaging"
version = "21.0"
description = "Core utilities for Python packages"
optional = false
python-versions = ">=3.6"
files = [
    {file = "packaging-21.0-py3-none-any.whl", hash = "sha256:c86254f9220d55e31cc94d69bade760f0847da8000def4dfe1c6b872fd14ff14"},
    {file = "packaging-21.0.tar.gz", hash = "sha256:7dc96269f53a4ccec5c0670940a4281106dd0bb343f47b7471f779df49c2fbe7"},
]

[package.dependencies]
pyparsing = ">=2.0.2"

[[package]]
name = "pluggy"
version = "1.0.0"
description = "plugin and hook calling mechanisms for python"
optional = false
python-versions = ">=3.6"
files = [
    {file = "pluggy-1.0.0-py2.py3-none-any.whl", hash = "sha256:74134bbf457f031a36d68416e1509f34bd5ccc019f0bcc952c7b909d06b37bd3"},
    {file = "pluggy-1.0.0.tar.gz", hash = "sha256:4224373bacce55f955a878bf9cfa763c1e360858e330072059e10bad68531159"},
]

[package.dependencies]
importlib-metadata = {version = ">=0.12", markers = "python_version < \"3.8\""}

[package.extras]
dev = ["pre-commit", "tox"]
testing = ["pytest", "pytest-benchmark"]

[[package]]
name = "psycopg2-binary"
version = "2.9.8"
description = "psycopg2 - Python-PostgreSQL Database Adapter"
optional = false
python-versions = ">=3.6"
files = [
    {file = "psycopg2-binary-2.9.8.tar.gz", hash = "sha256:80451e6b6b7c486828d5c7ed50769532bbb04ec3a411f1e833539d5c10eb691c"},
    {file = "psycopg2_binary-2.9.8-cp310-cp310-macosx_10_9_x86_64.whl", hash = "sha256:e271ad6692d50d70ca75db3bd461bfc26316de78de8fe1f504ef16dcea8f2312"},
    {file = "psycopg2_binary-2.9.8-cp310-cp310-macosx_11_0_arm64.whl", hash = "sha256:3ae22a0fa5c516b84ddb189157fabfa3f12eded5d630e1ce260a18e1771f8707"},
    {file = "psycopg2_binary-2.9.8-cp310-cp310-manylinux_2_17_aarch64.manylinux2014_aarch64.whl", hash = "sha256:9a971086db0069aef2fd22ccffb670baac427f4ee2174c4f5c7206254f1e6794"},
    {file = "psycopg2_binary-2.9.8-cp310-cp310-manylinux_2_17_i686.manylinux2014_i686.whl", hash = "sha256:3b6928a502af71ca2ac9aad535e78c8309892ed3bfa7933182d4c760580c8af4"},
    {file = "psycopg2_binary-2.9.8-cp310-cp310-manylinux_2_17_ppc64le.manylinux2014_ppc64le.whl", hash = "sha256:5f955fe6301b84b6fd13970a05f3640fbb62ca3a0d19342356585006c830e038"},
    {file = "psycopg2_binary-2.9.8-cp310-cp310-manylinux_2_17_x86_64.manylinux2014_x86_64.whl", hash = "sha256:3723c3f009e2b2771f2491b330edb7091846f1aad0c08fbbd9a1383d6a0c0841"},
    {file = "psycopg2_binary-2.9.8-cp310-cp310-musllinux_1_1_aarch64.whl", hash = "sha256:e3142c7e51b92855cff300580de949e36a94ab3bfa8f353b27fe26535e9b3542"},
    {file = "psycopg2_binary-2.9.8-cp310-cp310-musllinux_1_1_i686.whl", hash = "sha256:de85105c568dc5f0f0efe793209ba83e4675d53d00faffc7a7c7a8bea9e0e19a"},
    {file = "psycopg2_binary-2.9.8-cp310-cp310-musllinux_1_1_ppc64le.whl", hash = "sha256:c7ff2b6a79a92b1b169b03bb91b41806843f0cdf6055256554495bffed1d496d"},
    {file = "psycopg2_binary-2.9.8-cp310-cp310-musllinux_1_1_x86_64.whl", hash = "sha256:59f45cca0765aabb52a5822c72d5ff2ec46a28b1c1702de90dc0d306ec5c2001"},
    {file = "psycopg2_binary-2.9.8-cp310-cp310-win32.whl", hash = "sha256:1dbad789ebd1e61201256a19dc2e90fed4706bc966ccad4f374648e5336b1ab4"},
    {file = "psycopg2_binary-2.9.8-cp310-cp310-win_amd64.whl", hash = "sha256:15458c81b0d199ab55825007115f697722831656e6477a427783fe75c201c82b"},
    {file = "psycopg2_binary-2.9.8-cp311-cp311-macosx_10_9_x86_64.whl", hash = "sha256:395c217156723fe21809dfe8f7a433c5bf8e9bce229944668e4ec709c37c5442"},
    {file = "psycopg2_binary-2.9.8-cp311-cp311-macosx_11_0_arm64.whl", hash = "sha256:14f85ff2d5d826a7ce9e6c31e803281ed5a096789f47f52cb728c88f488de01b"},
    {file = "psycopg2_binary-2.9.8-cp311-cp311-manylinux_2_17_aarch64.manylinux2014_aarch64.whl", hash = "sha256:e11373d8e4f1f46cf3065bf613f0df9854803dc95aa4a35354ffac19f8c52127"},
    {file = "psycopg2_binary-2.9.8-cp311-cp311-manylinux_2_17_i686.manylinux2014_i686.whl", hash = "sha256:01f9731761f711e42459f87bd2ad5d744b9773b5dd05446f3b579a0f077e78e3"},
    {file = "psycopg2_binary-2.9.8-cp311-cp311-manylinux_2_17_ppc64le.manylinux2014_ppc64le.whl", hash = "sha256:54bf5c27bd5867a5fa5341fad29f0d5838e2fed617ef5346884baf8b8b16dd82"},
    {file = "psycopg2_binary-2.9.8-cp311-cp311-manylinux_2_17_x86_64.manylinux2014_x86_64.whl", hash = "sha256:4bfabbd7e70785af726cc0209e8e64b926abf91741eca80678b221aad9e72135"},
    {file = "psycopg2_binary-2.9.8-cp311-cp311-musllinux_1_1_aarch64.whl", hash = "sha256:6369f4bd4d27944498094dccced1ae7ca43376a59dbfe4c8b6a16e9e3dc3ccce"},
    {file = "psycopg2_binary-2.9.8-cp311-cp311-musllinux_1_1_i686.whl", hash = "sha256:4879ee1d07a6b2c232ae6a74570f4788cd7a29b3cd38bc39bf60225b1d075c78"},
    {file = "psycopg2_binary-2.9.8-cp311-cp311-musllinux_1_1_ppc64le.whl", hash = "sha256:4336afc0e81726350bd5863e3c3116d8c12aa7f457d3d0b3b3dc36137fec6feb"},
    {file = "psycopg2_binary-2.9.8-cp311-cp311-musllinux_1_1_x86_64.whl", hash = "sha256:63ce1dccfd08d9c5341ac82d62aa04345bc4bf41b5e5b7b2c6c172a28e0eda27"},
    {file = "psycopg2_binary-2.9.8-cp311-cp311-win32.whl", hash = "sha256:59421806c1a0803ea7de9ed061d656c041a84db0da7e73266b98db4c7ba263da"},
    {file = "psycopg2_binary-2.9.8-cp311-cp311-win_amd64.whl", hash = "sha256:ccaa2ae03990cedde1f618ff11ec89fefa84622da73091a67b44553ca8be6711"},
    {file = "psycopg2_binary-2.9.8-cp37-cp37m-macosx_10_9_x86_64.whl", hash = "sha256:5aa0c99c12075c593dcdccbb8a7aaa714b716560cc99ef9206f9e75b77520801"},
    {file = "psycopg2_binary-2.9.8-cp37-cp37m-manylinux_2_17_aarch64.manylinux2014_aarch64.whl", hash = "sha256:91719f53ed2a95ebecefac48d855d811cba9d9fe300acc162993bdfde9bc1c3b"},
    {file = "psycopg2_binary-2.9.8-cp37-cp37m-manylinux_2_17_i686.manylinux2014_i686.whl", hash = "sha256:c68a2e1afb4f2a5bb4b7bb8f90298d21196ac1c66418523e549430b8c4b7cb1e"},
    {file = "psycopg2_binary-2.9.8-cp37-cp37m-manylinux_2_17_ppc64le.manylinux2014_ppc64le.whl", hash = "sha256:278ebd63ced5a5f3af5394cb75a9a067243eee21f42f0126c6f1cf85eaeb90f9"},
    {file = "psycopg2_binary-2.9.8-cp37-cp37m-manylinux_2_17_x86_64.manylinux2014_x86_64.whl", hash = "sha256:8c84ff9682bc4520504c474e189b3de7c4a4029e529c8b775e39c95c33073767"},
    {file = "psycopg2_binary-2.9.8-cp37-cp37m-musllinux_1_1_aarch64.whl", hash = "sha256:6f5e70e40dae47a4dc7f8eb390753bb599b0f4ede314580e6faa3b7383695d19"},
    {file = "psycopg2_binary-2.9.8-cp37-cp37m-musllinux_1_1_i686.whl", hash = "sha256:673eafbdaa4ed9f5164c90e191c3895cc5f866b9b379fdb59f3a2294e914d9bd"},
    {file = "psycopg2_binary-2.9.8-cp37-cp37m-musllinux_1_1_ppc64le.whl", hash = "sha256:5a0a6e4004697ec98035ff3b8dfc4dba8daa477b23ee891d831cd3cd65ace6be"},
    {file = "psycopg2_binary-2.9.8-cp37-cp37m-musllinux_1_1_x86_64.whl", hash = "sha256:d29efab3c5d6d978115855a0f2643e0ee8c6450dc536d5b4afec6f52ab99e99e"},
    {file = "psycopg2_binary-2.9.8-cp37-cp37m-win32.whl", hash = "sha256:d4a19a3332f2ac6d093e60a6f1c589f97eb9f9de7e27ea80d67f188384e31572"},
    {file = "psycopg2_binary-2.9.8-cp37-cp37m-win_amd64.whl", hash = "sha256:5262713988d97a9d4cd54b682dec4a413b87b76790e5b16f480450550d11a8f7"},
    {file = "psycopg2_binary-2.9.8-cp38-cp38-macosx_10_9_x86_64.whl", hash = "sha256:e46b0f4683539965ce849f2c13fc53e323bb08d84d4ba2e4b3d976f364c84210"},
    {file = "psycopg2_binary-2.9.8-cp38-cp38-macosx_11_0_arm64.whl", hash = "sha256:3fd44b52bc9c74c1512662e8da113a1c55127adeeacebaf460babe766517b049"},
    {file = "psycopg2_binary-2.9.8-cp38-cp38-manylinux_2_17_aarch64.manylinux2014_aarch64.whl", hash = "sha256:3b6c607ecb6a9c245ebe162d63ccd9222d38efa3c858bbe38d32810b08b8f87e"},
    {file = "psycopg2_binary-2.9.8-cp38-cp38-manylinux_2_17_i686.manylinux2014_i686.whl", hash = "sha256:e6ef615d48fa60361e57f998327046bd89679c25d06eee9e78156be5a7a76e03"},
    {file = "psycopg2_binary-2.9.8-cp38-cp38-manylinux_2_17_ppc64le.manylinux2014_ppc64le.whl", hash = "sha256:65403113ac3a4813a1409fb6a1e43c658b459cc8ed8afcc5f4baf02ec8be4334"},
    {file = "psycopg2_binary-2.9.8-cp38-cp38-manylinux_2_17_x86_64.manylinux2014_x86_64.whl", hash = "sha256:5debcb23a052f3fb4c165789ea513b562b2fac0f0f4f53eaf3cf4dc648907ff8"},
    {file = "psycopg2_binary-2.9.8-cp38-cp38-musllinux_1_1_aarch64.whl", hash = "sha256:dc145a241e1f6381efb924bcf3e3462d6020b8a147363f9111eb0a9c89331ad7"},
    {file = "psycopg2_binary-2.9.8-cp38-cp38-musllinux_1_1_i686.whl", hash = "sha256:1d669887df169a9b0c09e0f5b46891511850a9ddfcde3593408af9d9774c5c3a"},
    {file = "psycopg2_binary-2.9.8-cp38-cp38-musllinux_1_1_ppc64le.whl", hash = "sha256:19d40993701e39c49b50e75cd690a6af796d7e7210941ee0fe49cf12b25840e5"},
    {file = "psycopg2_binary-2.9.8-cp38-cp38-musllinux_1_1_x86_64.whl", hash = "sha256:4b8b2cdf3bce4dd91dc035fbff4eb812f5607dda91364dc216b0920b97b521c7"},
    {file = "psycopg2_binary-2.9.8-cp38-cp38-win32.whl", hash = "sha256:4960c881471ca710b81a67ef148c33ee121c1f8e47a639cf7e06537fe9fee337"},
    {file = "psycopg2_binary-2.9.8-cp38-cp38-win_amd64.whl", hash = "sha256:aeb09db95f38e75ae04e947d283e07be34d03c4c2ace4f0b73dbb9143d506e67"},
    {file = "psycopg2_binary-2.9.8-cp39-cp39-macosx_10_9_x86_64.whl", hash = "sha256:5aef3296d44d05805e634dbbd2972aa8eb7497926dd86047f5e39a79c3ecc086"},
    {file = "psycopg2_binary-2.9.8-cp39-cp39-macosx_11_0_arm64.whl", hash = "sha256:4d6b592ecc8667e608b9e7344259fbfb428cc053df0062ec3ac75d8270cd5a9f"},
    {file = "psycopg2_binary-2.9.8-cp39-cp39-manylinux_2_17_aarch64.manylinux2014_aarch64.whl", hash = "sha256:693a4e7641556f0b421a7d6c6a74058aead407d860ac1cb9d0bf25be0ca73de8"},
    {file = "psycopg2_binary-2.9.8-cp39-cp39-manylinux_2_17_i686.manylinux2014_i686.whl", hash = "sha256:cf60c599c40c266a01c458e9c71db7132b11760f98f08233f19b3e0a2153cbf1"},
    {file = "psycopg2_binary-2.9.8-cp39-cp39-manylinux_2_17_ppc64le.manylinux2014_ppc64le.whl", hash = "sha256:5cbe1e19f59950afd66764e3c905ecee9f2aee9f8df2ef35af6f7948ad93f620"},
    {file = "psycopg2_binary-2.9.8-cp39-cp39-manylinux_2_17_x86_64.manylinux2014_x86_64.whl", hash = "sha256:fc37de7e3a87f5966965fc874d33c9b68d638e6c3718fdf32a5083de563428b0"},
    {file = "psycopg2_binary-2.9.8-cp39-cp39-musllinux_1_1_aarch64.whl", hash = "sha256:6e1bb4eb0d9925d65dabaaabcbb279fab444ba66d73f86d4c07dfd11f0139c06"},
    {file = "psycopg2_binary-2.9.8-cp39-cp39-musllinux_1_1_i686.whl", hash = "sha256:e7bdc94217ae20ad03b375a991e107a31814053bee900ad8c967bf82ef3ff02e"},
    {file = "psycopg2_binary-2.9.8-cp39-cp39-musllinux_1_1_ppc64le.whl", hash = "sha256:565edaf9f691b17a7fdbabd368b5b3e67d0fdc8f7f6b52177c1d3289f4e763fd"},
    {file = "psycopg2_binary-2.9.8-cp39-cp39-musllinux_1_1_x86_64.whl", hash = "sha256:0e3071c947bda6afc6fe2e7b64ebd64fb2cad1bc0e705a3594cb499291f2dfec"},
    {file = "psycopg2_binary-2.9.8-cp39-cp39-win32.whl", hash = "sha256:205cecdd81ff4f1ddd687ce7d06879b9b80cccc428d8d6ebf36fcba08bb6d361"},
    {file = "psycopg2_binary-2.9.8-cp39-cp39-win_amd64.whl", hash = "sha256:1f279ba74f0d6b374526e5976c626d2ac3b8333b6a7b08755c513f4d380d3add"},
]

[[package]]
name = "py"
version = "1.10.0"
description = "library with cross-python path, ini-parsing, io, code, log facilities"
optional = false
python-versions = ">=2.7, !=3.0.*, !=3.1.*, !=3.2.*, !=3.3.*"
files = [
    {file = "py-1.10.0-py2.py3-none-any.whl", hash = "sha256:3b80836aa6d1feeaa108e046da6423ab8f6ceda6468545ae8d02d9d58d18818a"},
    {file = "py-1.10.0.tar.gz", hash = "sha256:21b81bda15b66ef5e1a777a21c4dcd9c20ad3efd0b3f817e7a809035269e1bd3"},
]

[[package]]
name = "pycodestyle"
version = "2.8.0"
description = "Python style guide checker"
optional = false
python-versions = ">=2.7, !=3.0.*, !=3.1.*, !=3.2.*, !=3.3.*, !=3.4.*"
files = [
    {file = "pycodestyle-2.8.0-py2.py3-none-any.whl", hash = "sha256:720f8b39dde8b293825e7ff02c475f3077124006db4f440dcbc9a20b76548a20"},
    {file = "pycodestyle-2.8.0.tar.gz", hash = "sha256:eddd5847ef438ea1c7870ca7eb78a9d47ce0cdb4851a5523949f2601d0cbbe7f"},
]

[[package]]
name = "pyflakes"
version = "2.4.0"
description = "passive checker of Python programs"
optional = false
python-versions = ">=2.7, !=3.0.*, !=3.1.*, !=3.2.*, !=3.3.*"
files = [
    {file = "pyflakes-2.4.0-py2.py3-none-any.whl", hash = "sha256:3bb3a3f256f4b7968c9c788781e4ff07dce46bdf12339dcda61053375426ee2e"},
    {file = "pyflakes-2.4.0.tar.gz", hash = "sha256:05a85c2872edf37a4ed30b0cce2f6093e1d0581f8c19d7393122da7e25b2b24c"},
]

[[package]]
name = "pyparsing"
version = "2.4.7"
description = "Python parsing module"
optional = false
python-versions = ">=2.6, !=3.0.*, !=3.1.*, !=3.2.*"
files = [
    {file = "pyparsing-2.4.7-py2.py3-none-any.whl", hash = "sha256:ef9d7589ef3c200abe66653d3f1ab1033c3c419ae9b9bdb1240a85b024efc88b"},
    {file = "pyparsing-2.4.7.tar.gz", hash = "sha256:c203ec8783bf771a155b207279b9bccb8dea02d8f0c9e5f8ead507bc3246ecc1"},
]

[[package]]
name = "pytest"
version = "6.2.5"
description = "pytest: simple powerful testing with Python"
optional = false
python-versions = ">=3.6"
files = [
    {file = "pytest-6.2.5-py3-none-any.whl", hash = "sha256:7310f8d27bc79ced999e760ca304d69f6ba6c6649c0b60fb0e04a4a77cacc134"},
    {file = "pytest-6.2.5.tar.gz", hash = "sha256:131b36680866a76e6781d13f101efb86cf674ebb9762eb70d3082b6f29889e89"},
]

[package.dependencies]
atomicwrites = {version = ">=1.0", markers = "sys_platform == \"win32\""}
attrs = ">=19.2.0"
colorama = {version = "*", markers = "sys_platform == \"win32\""}
importlib-metadata = {version = ">=0.12", markers = "python_version < \"3.8\""}
iniconfig = "*"
packaging = "*"
pluggy = ">=0.12,<2.0"
py = ">=1.8.2"
toml = "*"

[package.extras]
testing = ["argcomplete", "hypothesis (>=3.56)", "mock", "nose", "requests", "xmlschema"]

[[package]]
name = "python-dateutil"
version = "2.8.2"
description = "Extensions to the standard Python datetime module"
optional = false
python-versions = "!=3.0.*,!=3.1.*,!=3.2.*,>=2.7"
files = [
    {file = "python-dateutil-2.8.2.tar.gz", hash = "sha256:0123cacc1627ae19ddf3c27a5de5bd67ee4586fbdd6440d9748f8abb483d3e86"},
    {file = "python_dateutil-2.8.2-py2.py3-none-any.whl", hash = "sha256:961d03dc3453ebbc59dbdea9e4e11c5651520a876d0f4db161e8674aae935da9"},
]

[package.dependencies]
six = ">=1.5"

[[package]]
name = "pytz"
version = "2021.3"
description = "World timezone definitions, modern and historical"
optional = false
python-versions = "*"
files = [
    {file = "pytz-2021.3-py2.py3-none-any.whl", hash = "sha256:3672058bc3453457b622aab7a1c3bfd5ab0bdae451512f6cf25f64ed37f5b87c"},
    {file = "pytz-2021.3.tar.gz", hash = "sha256:acad2d8b20a1af07d4e4c9d2e9285c5ed9104354062f275f3fcd88dcef4f1326"},
]

[[package]]
name = "setuptools"
version = "68.0.0"
description = "Easily download, build, install, upgrade, and uninstall Python packages"
optional = false
python-versions = ">=3.7"
files = [
    {file = "setuptools-68.0.0-py3-none-any.whl", hash = "sha256:11e52c67415a381d10d6b462ced9cfb97066179f0e871399e006c4ab101fc85f"},
    {file = "setuptools-68.0.0.tar.gz", hash = "sha256:baf1fdb41c6da4cd2eae722e135500da913332ab3f2f5c7d33af9b492acb5235"},
]

[package.extras]
docs = ["furo", "jaraco.packaging (>=9)", "jaraco.tidelift (>=1.4)", "pygments-github-lexers (==0.0.5)", "rst.linker (>=1.9)", "sphinx (>=3.5)", "sphinx-favicon", "sphinx-hoverxref (<2)", "sphinx-inline-tabs", "sphinx-lint", "sphinx-notfound-page (==0.8.3)", "sphinx-reredirects", "sphinxcontrib-towncrier"]
testing = ["build[virtualenv]", "filelock (>=3.4.0)", "flake8-2020", "ini2toml[lite] (>=0.9)", "jaraco.envs (>=2.2)", "jaraco.path (>=3.2.0)", "pip (>=19.1)", "pip-run (>=8.8)", "pytest (>=6)", "pytest-black (>=0.3.7)", "pytest-checkdocs (>=2.4)", "pytest-cov", "pytest-enabler (>=1.3)", "pytest-mypy (>=0.9.1)", "pytest-perf", "pytest-ruff", "pytest-timeout", "pytest-xdist", "tomli-w (>=1.0.0)", "virtualenv (>=13.0.0)", "wheel"]
testing-integration = ["build[virtualenv]", "filelock (>=3.4.0)", "jaraco.envs (>=2.2)", "jaraco.path (>=3.2.0)", "pytest", "pytest-enabler", "pytest-xdist", "tomli", "virtualenv (>=13.0.0)", "wheel"]

[[package]]
name = "six"
version = "1.16.0"
description = "Python 2 and 3 compatibility utilities"
optional = false
python-versions = ">=2.7, !=3.0.*, !=3.1.*, !=3.2.*"
files = [
    {file = "six-1.16.0-py2.py3-none-any.whl", hash = "sha256:8abb2f1d86890a2dfb989f9a77cfcfd3e47c2a354b01111771326f8aa26e0254"},
    {file = "six-1.16.0.tar.gz", hash = "sha256:1e61c37477a1626458e36f7b1d82aa5c9b094fa4802892072e49de9c60c4c926"},
]

[[package]]
name = "smmap"
version = "5.0.1"
description = "A pure Python implementation of a sliding window memory map manager"
optional = false
python-versions = ">=3.7"
files = [
    {file = "smmap-5.0.1-py3-none-any.whl", hash = "sha256:e6d8668fa5f93e706934a62d7b4db19c8d9eb8cf2adbb75ef1b675aa332b69da"},
    {file = "smmap-5.0.1.tar.gz", hash = "sha256:dceeb6c0028fdb6734471eb07c0cd2aae706ccaecab45965ee83f11c8d3b1f62"},
]

[[package]]
name = "sqlparse"
version = "0.4.2"
description = "A non-validating SQL parser."
optional = false
python-versions = ">=3.5"
files = [
    {file = "sqlparse-0.4.2-py3-none-any.whl", hash = "sha256:48719e356bb8b42991bdbb1e8b83223757b93789c00910a616a071910ca4a64d"},
    {file = "sqlparse-0.4.2.tar.gz", hash = "sha256:0c00730c74263a94e5a9919ade150dfc3b19c574389985446148402998287dae"},
]

[[package]]
name = "text-unidecode"
version = "1.3"
description = "The most basic Text::Unidecode port"
optional = false
python-versions = "*"
files = [
    {file = "text-unidecode-1.3.tar.gz", hash = "sha256:bad6603bb14d279193107714b288be206cac565dfa49aa5b105294dd5c4aab93"},
    {file = "text_unidecode-1.3-py2.py3-none-any.whl", hash = "sha256:1311f10e8b895935241623731c2ba64f4c455287888b18189350b67134a822e8"},
]

[[package]]
name = "toml"
version = "0.10.2"
description = "Python Library for Tom's Obvious, Minimal Language"
optional = false
python-versions = ">=2.6, !=3.0.*, !=3.1.*, !=3.2.*"
files = [
    {file = "toml-0.10.2-py2.py3-none-any.whl", hash = "sha256:806143ae5bfb6a3c6e736a764057db0e6a0e05e338b5630894a5f779cabb4f9b"},
    {file = "toml-0.10.2.tar.gz", hash = "sha256:b3bda1d108d5dd99f4a20d24d9c348e91c4db7ab1b749200bded2f839ccbe68f"},
]

[[package]]
name = "typing-extensions"
version = "3.10.0.2"
description = "Backported and Experimental Type Hints for Python 3.5+"
optional = false
python-versions = "*"
files = [
    {file = "typing_extensions-3.10.0.2-py2-none-any.whl", hash = "sha256:d8226d10bc02a29bcc81df19a26e56a9647f8b0a6d4a83924139f4a8b01f17b7"},
    {file = "typing_extensions-3.10.0.2-py3-none-any.whl", hash = "sha256:f1d25edafde516b146ecd0613dabcc61409817af4766fbbcfb8d1ad4ec441a34"},
    {file = "typing_extensions-3.10.0.2.tar.gz", hash = "sha256:49f75d16ff11f1cd258e1b988ccff82a3ca5570217d7ad8c5f48205dd99a677e"},
]

[[package]]
name = "whitenoise"
version = "5.3.0"
description = "Radically simplified static file serving for WSGI applications"
optional = false
python-versions = ">=3.5, <4"
files = [
    {file = "whitenoise-5.3.0-py2.py3-none-any.whl", hash = "sha256:d963ef25639d1417e8a247be36e6aedd8c7c6f0a08adcb5a89146980a96b577c"},
    {file = "whitenoise-5.3.0.tar.gz", hash = "sha256:d234b871b52271ae7ed6d9da47ffe857c76568f11dd30e28e18c5869dbd11e12"},
]

[package.extras]
brotli = ["Brotli"]

[[package]]
name = "zipp"
version = "3.6.0"
description = "Backport of pathlib-compatible object wrapper for zip files"
optional = false
python-versions = ">=3.6"
files = [
    {file = "zipp-3.6.0-py3-none-any.whl", hash = "sha256:9fe5ea21568a0a70e50f273397638d39b03353731e6cbbb3fd8502a33fec40bc"},
    {file = "zipp-3.6.0.tar.gz", hash = "sha256:71c644c5369f4a6e07636f0aa966270449561fcea2e3d6747b8d23efaa9d7832"},
]

[package.extras]
docs = ["jaraco.packaging (>=8.2)", "rst.linker (>=1.9)", "sphinx"]
testing = ["func-timeout", "jaraco.itertools", "pytest (>=4.6)", "pytest-black (>=0.3.7)", "pytest-checkdocs (>=2.4)", "pytest-cov", "pytest-enabler (>=1.0.1)", "pytest-flake8", "pytest-mypy"]

[metadata]
lock-version = "2.0"
python-versions = "^3.7"
content-hash = "1fa1942e1feb3fac9646fb9c7983d0c204451e2f637524351d56b56e69664412"
